
Microsoft Visual Studio Solution File, Format Version 12.00
# Visual Studio Version 17
VisualStudioVersion = 17.0.31912.275
MinimumVisualStudioVersion = 10.0.40219.1
Project("{2150E333-8FDC-42A3-9474-1A3956D46DE8}") = "Solution Items", "Solution Items", "{5B9F7910-C71C-4FA3-999E-0E83B0BE87D0}"
	ProjectSection(SolutionItems) = preProject
		.editorconfig = .editorconfig
		.gitattributes = .gitattributes
		.gitignore = .gitignore
		LICENSE = LICENSE
		README.md = README.md
	EndProjectSection
EndProject
Project("{2150E333-8FDC-42A3-9474-1A3956D46DE8}") = ".github", ".github", "{C5E3DA24-339B-424D-A892-50BF7059E10F}"
EndProject
Project("{2150E333-8FDC-42A3-9474-1A3956D46DE8}") = "workflows", "workflows", "{031DA972-2BD4-4A98-A910-D9FB718F8C72}"
	ProjectSection(SolutionItems) = preProject
		.github\workflows\main.yml = .github\workflows\main.yml
	EndProjectSection
EndProject
Project("{FAE04EC0-301F-11D3-BF4B-00C04F79EFBC}") = "ToolPack.DomainUtils.Functional", "src\ToolPack.DomainUtils.Functional\ToolPack.DomainUtils.Functional.csproj", "{2593CF74-97E6-43B6-B4D8-4956E76435F8}"
EndProject
Project("{2150E333-8FDC-42A3-9474-1A3956D46DE8}") = "src", "src", "{A9BC5336-FA37-454C-87AB-B3C3DEF558E8}"
EndProject
Project("{2150E333-8FDC-42A3-9474-1A3956D46DE8}") = "tests", "tests", "{8B4B84AC-C9E3-45C6-BA77-F2735B5815A6}"
EndProject
Project("{FAE04EC0-301F-11D3-BF4B-00C04F79EFBC}") = "ToolPack.DomainUtils.ValueObjects", "src\ToolPack.DomainUtils.ValueObjects\ToolPack.DomainUtils.ValueObjects.csproj", "{5A3BF57E-F93A-4A46-ADD2-269C6918DD02}"
EndProject
Global
	GlobalSection(SolutionConfigurationPlatforms) = preSolution
		Debug|Any CPU = Debug|Any CPU
		Release|Any CPU = Release|Any CPU
	EndGlobalSection
	GlobalSection(ProjectConfigurationPlatforms) = postSolution
		{2593CF74-97E6-43B6-B4D8-4956E76435F8}.Debug|Any CPU.ActiveCfg = Debug|Any CPU
		{2593CF74-97E6-43B6-B4D8-4956E76435F8}.Debug|Any CPU.Build.0 = Debug|Any CPU
		{2593CF74-97E6-43B6-B4D8-4956E76435F8}.Release|Any CPU.ActiveCfg = Release|Any CPU
		{2593CF74-97E6-43B6-B4D8-4956E76435F8}.Release|Any CPU.Build.0 = Release|Any CPU
		{5A3BF57E-F93A-4A46-ADD2-269C6918DD02}.Debug|Any CPU.ActiveCfg = Debug|Any CPU
		{5A3BF57E-F93A-4A46-ADD2-269C6918DD02}.Debug|Any CPU.Build.0 = Debug|Any CPU
		{5A3BF57E-F93A-4A46-ADD2-269C6918DD02}.Release|Any CPU.ActiveCfg = Release|Any CPU
		{5A3BF57E-F93A-4A46-ADD2-269C6918DD02}.Release|Any CPU.Build.0 = Release|Any CPU
	EndGlobalSection
	GlobalSection(SolutionProperties) = preSolution
		HideSolutionNode = FALSE
	EndGlobalSection
	GlobalSection(NestedProjects) = preSolution
		{C5E3DA24-339B-424D-A892-50BF7059E10F} = {5B9F7910-C71C-4FA3-999E-0E83B0BE87D0}
		{031DA972-2BD4-4A98-A910-D9FB718F8C72} = {C5E3DA24-339B-424D-A892-50BF7059E10F}
		{2593CF74-97E6-43B6-B4D8-4956E76435F8} = {A9BC5336-FA37-454C-87AB-B3C3DEF558E8}
		{5A3BF57E-F93A-4A46-ADD2-269C6918DD02} = {A9BC5336-FA37-454C-87AB-B3C3DEF558E8}
	EndGlobalSection
	GlobalSection(ExtensibilityGlobals) = postSolution
		SolutionGuid = {62566100-10BD-4048-A00A-1512C357472D}
	EndGlobalSection
EndGlobal
